github.com/algonous/md2html v0.0.3 h1:jKXC9FGx6f4wdheQ9Ob07eBvT/fxc/fe5XJVh2gXRnQ=
github.com/algonous/md2html v0.0.3/go.mod h1:oucEQgAl+VnTFPmT8SeAJ+DK7t9gcN4NEYNdIzcCqXk=
github.com/yuin/goldmark v1.7.16 h1:n+CJdUxaFMiDUNnWC3dMWCIQJSkxH4uz3ZwQBkAlVNE=
github.com/yuin/goldmark v1.7.16/go.mod h1:ip/1k0VRfGynBgxOz0yCqHrbZXhcjxyuS66Brc7iBKg=
